// !$*UTF8*$!
{
	archiveVersion = 1;
	classes = {
	};
	objectVersion = 56;
	objects = {

/* Begin PBXBuildFile section */
		131B29C52CDBBF9500A21FC6 /* Reminder+CoreDataClass.swift in Sources */ = {isa = PBXBuildFile; fileRef = 131B29C32CDBBF9500A21FC6 /* Reminder+CoreDataClass.swift */; };
		131B29C62CDBBF9500A21FC6 /* Reminder+CoreDataProperties.swift in Sources */ = {isa = PBXBuildFile; fileRef = 131B29C42CDBBF9500A21FC6 /* Reminder+CoreDataProperties.swift */; };
		132A8B152CB44CCD0001DE27 /* Cell.swift in Sources */ = {isa = PBXBuildFile; fileRef = 132A8B142CB44CCC0001DE27 /* Cell.swift */; };
		132A8B192CB9A1FE0001DE27 /* DateExtantions.swift in Sources */ = {isa = PBXBuildFile; fileRef = 132A8B182CB9A1FE0001DE27 /* DateExtantions.swift */; };
		132A8B1C2CBBD0B70001DE27 /* CalendarPresenter.swift in Sources */ = {isa = PBXBuildFile; fileRef = 132A8B1B2CBBD0B70001DE27 /* CalendarPresenter.swift */; };
		132D48562CCA5E5300890661 /* CalendarModel.swift in Sources */ = {isa = PBXBuildFile; fileRef = 132D48552CCA5E5300890661 /* CalendarModel.swift */; };
		132D489A2CD160C400890661 /* NoteViewController.swift in Sources */ = {isa = PBXBuildFile; fileRef = 132D48992CD160C400890661 /* NoteViewController.swift */; };
		132D48A02CD7D7AD00890661 /* Model.xcdatamodeld in Sources */ = {isa = PBXBuildFile; fileRef = 132D489E2CD7D7AD00890661 /* Model.xcdatamodeld */; };
		132D48A32CDA317300890661 /* NotificationManager.swift in Sources */ = {isa = PBXBuildFile; fileRef = 132D48A22CDA317300890661 /* NotificationManager.swift */; };
		132D48A52CDAAA5D00890661 /* DataBase.swift in Sources */ = {isa = PBXBuildFile; fileRef = 132D48A42CDAAA5D00890661 /* DataBase.swift */; };
		137983732CB1752800982E7D /* AppDelegate.swift in Sources */ = {isa = PBXBuildFile; fileRef = 137983722CB1752800982E7D /* AppDelegate.swift */; };
		137983752CB1752800982E7D /* SceneDelegate.swift in Sources */ = {isa = PBXBuildFile; fileRef = 137983742CB1752800982E7D /* SceneDelegate.swift */; };
		137983772CB1752800982E7D /* CalendarViewController.swift in Sources */ = {isa = PBXBuildFile; fileRef = 137983762CB1752800982E7D /* CalendarViewController.swift */; };
		1379837A2CB1752800982E7D /* Base in Resources */ = {isa = PBXBuildFile; fileRef = 137983792CB1752800982E7D /* Base */; };
		1379837C2CB1752D00982E7D /* Assets.xcassets in Resources */ = {isa = PBXBuildFile; fileRef = 1379837B2CB1752D00982E7D /* Assets.xcassets */; };
		1379837F2CB1752D00982E7D /* Base in Resources */ = {isa = PBXBuildFile; fileRef = 1379837E2CB1752D00982E7D /* Base */; };
		1379838A2CB1752D00982E7D /* CalendarTests.swift in Sources */ = {isa = PBXBuildFile; fileRef = 137983892CB1752D00982E7D /* CalendarTests.swift */; };
		137983942CB1752D00982E7D /* CalendarUITests.swift in Sources */ = {isa = PBXBuildFile; fileRef = 137983932CB1752D00982E7D /* CalendarUITests.swift */; };
		137983962CB1752D00982E7D /* CalendarUITestsLaunchTests.swift in Sources */ = {isa = PBXBuildFile; fileRef = 137983952CB1752D00982E7D /* CalendarUITestsLaunchTests.swift */; };
/* End PBXBuildFile section */

/* Begin PBXContainerItemProxy section */
		137983862CB1752D00982E7D /* PBXContainerItemProxy */ = {
			isa = PBXContainerItemProxy;
			containerPortal = 137983672CB1752800982E7D /* Project object */;
			proxyType = 1;
			remoteGlobalIDString = 1379836E2CB1752800982E7D;
			remoteInfo = Calendar;
		};
		137983902CB1752D00982E7D /* PBXContainerItemProxy */ = {
			isa = PBXContainerItemProxy;
			containerPortal = 137983672CB1752800982E7D /* Project object */;
			proxyType = 1;
			remoteGlobalIDString = 1379836E2CB1752800982E7D;
			remoteInfo = Calendar;
		};
/* End PBXContainerItemProxy section */

/* Begin PBXFileReference section */
		131B29C32CDBBF9500A21FC6 /* Reminder+CoreDataClass.swift */ = {isa = PBXFileReference; lastKnownFileType = sourcecode.swift; path = "Reminder+CoreDataClass.swift"; sourceTree = "<group>"; };
		131B29C42CDBBF9500A21FC6 /* Reminder+CoreDataProperties.swift */ = {isa = PBXFileReference; lastKnownFileType = sourcecode.swift; path = "Reminder+CoreDataProperties.swift"; sourceTree = "<group>"; };
		132A8B142CB44CCC0001DE27 /* Cell.swift */ = {isa = PBXFileReference; lastKnownFileType = sourcecode.swift; path = Cell.swift; sourceTree = "<group>"; };
		132A8B182CB9A1FE0001DE27 /* DateExtantions.swift */ = {isa = PBXFileReference; lastKnownFileType = sourcecode.swift; path = DateExtantions.swift; sourceTree = "<group>"; };
		132A8B1B2CBBD0B70001DE27 /* CalendarPresenter.swift */ = {isa = PBXFileReference; lastKnownFileType = sourcecode.swift; path = CalendarPresenter.swift; sourceTree = "<group>"; };
		132D48552CCA5E5300890661 /* CalendarModel.swift */ = {isa = PBXFileReference; lastKnownFileType = sourcecode.swift; path = CalendarModel.swift; sourceTree = "<group>"; };
		132D48992CD160C400890661 /* NoteViewController.swift */ = {isa = PBXFileReference; lastKnownFileType = sourcecode.swift; path = NoteViewController.swift; sourceTree = "<group>"; };
		132D489F2CD7D7AD00890661 /* Model.xcdatamodel */ = {isa = PBXFileReference; lastKnownFileType = wrapper.xcdatamodel; path = Model.xcdatamodel; sourceTree = "<group>"; };
		132D48A22CDA317300890661 /* NotificationManager.swift */ = {isa = PBXFileReference; lastKnownFileType = sourcecode.swift; path = NotificationManager.swift; sourceTree = "<group>"; };
		132D48A42CDAAA5D00890661 /* DataBase.swift */ = {isa = PBXFileReference; lastKnownFileType = sourcecode.swift; path = DataBase.swift; sourceTree = "<group>"; };
		1379836F2CB1752800982E7D /* Calendar.app */ = {isa = PBXFileReference; explicitFileType = wrapper.application; includeInIndex = 0; path = Calendar.app; sourceTree = BUILT_PRODUCTS_DIR; };
		137983722CB1752800982E7D /* AppDelegate.swift */ = {isa = PBXFileReference; lastKnownFileType = sourcecode.swift; path = AppDelegate.swift; sourceTree = "<group>"; };
		137983742CB1752800982E7D /* SceneDelegate.swift */ = {isa = PBXFileReference; lastKnownFileType = sourcecode.swift; path = SceneDelegate.swift; sourceTree = "<group>"; };
		137983762CB1752800982E7D /* CalendarViewController.swift */ = {isa = PBXFileReference; lastKnownFileType = sourcecode.swift; path = CalendarViewController.swift; sourceTree = "<group>"; };
		137983792CB1752800982E7D /* Base */ = {isa = PBXFileReference; lastKnownFileType = file.storyboard; name = Base; path = Base.lproj/Main.storyboard; sourceTree = "<group>"; };
		1379837B2CB1752D00982E7D /* Assets.xcassets */ = {isa = PBXFileReference; lastKnownFileType = folder.assetcatalog; path = Assets.xcassets; sourceTree = "<group>"; };
		1379837E2CB1752D00982E7D /* Base */ = {isa = PBXFileReference; lastKnownFileType = file.storyboard; name = Base; path = Base.lproj/LaunchScreen.storyboard; sourceTree = "<group>"; };
		137983802CB1752D00982E7D /* Info.plist */ = {isa = PBXFileReference; lastKnownFileType = text.plist.xml; path = Info.plist; sourceTree = "<group>"; };
		137983852CB1752D00982E7D /* CalendarTests.xctest */ = {isa = PBXFileReference; explicitFileType = wrapper.cfbundle; includeInIndex = 0; path = CalendarTests.xctest; sourceTree = BUILT_PRODUCTS_DIR; };
		137983892CB1752D00982E7D /* CalendarTests.swift */ = {isa = PBXFileReference; lastKnownFileType = sourcecode.swift; path = CalendarTests.swift; sourceTree = "<group>"; };
		1379838F2CB1752D00982E7D /* CalendarUITests.xctest */ = {isa = PBXFileReference; explicitFileType = wrapper.cfbundle; includeInIndex = 0; path = CalendarUITests.xctest; sourceTree = BUILT_PRODUCTS_DIR; };
		137983932CB1752D00982E7D /* CalendarUITests.swift */ = {isa = PBXFileReference; lastKnownFileType = sourcecode.swift; path = CalendarUITests.swift; sourceTree = "<group>"; };
		137983952CB1752D00982E7D /* CalendarUITestsLaunchTests.swift */ = {isa = PBXFileReference; lastKnownFileType = sourcecode.swift; path = CalendarUITestsLaunchTests.swift; sourceTree = "<group>"; };
/* End PBXFileReference section */

/* Begin PBXFrameworksBuildPhase section */
		1379836C2CB1752800982E7D /* Frameworks */ = {
			isa = PBXFrameworksBuildPhase;
			buildActionMask = 2147483647;
			files = (
			);
			runOnlyForDeploymentPostprocessing = 0;
		};
		137983822CB1752D00982E7D /* Frameworks */ = {
			isa = PBXFrameworksBuildPhase;
			buildActionMask = 2147483647;
			files = (
			);
			runOnlyForDeploymentPostprocessing = 0;
		};
		1379838C2CB1752D00982E7D /* Frameworks */ = {
			isa = PBXFrameworksBuildPhase;
			buildActionMask = 2147483647;
			files = (
			);
			runOnlyForDeploymentPostprocessing = 0;
		};
/* End PBXFrameworksBuildPhase section */

/* Begin PBXGroup section */
		132A8B162CB9A0420001DE27 /* ViewControllers */ = {
			isa = PBXGroup;
			children = (
				132D48982CD1609300890661 /* NoteViewController */,
				132A8B1A2CBBD0840001DE27 /* CalendarViewController */,
			);
			path = ViewControllers;
			sourceTree = "<group>";
		};
		132A8B172CB9A0770001DE27 /* Extentions */ = {
			isa = PBXGroup;
			children = (
				132A8B182CB9A1FE0001DE27 /* DateExtantions.swift */,
			);
			path = Extentions;
			sourceTree = "<group>";
		};
		132A8B1A2CBBD0840001DE27 /* CalendarViewController */ = {
			isa = PBXGroup;
			children = (
				137983762CB1752800982E7D /* CalendarViewController.swift */,
				132A8B1B2CBBD0B70001DE27 /* CalendarPresenter.swift */,
				132D48552CCA5E5300890661 /* CalendarModel.swift */,
			);
			path = CalendarViewController;
			sourceTree = "<group>";
		};
		132D48982CD1609300890661 /* NoteViewController */ = {
			isa = PBXGroup;
			children = (
				132D48992CD160C400890661 /* NoteViewController.swift */,
			);
			path = NoteViewController;
			sourceTree = "<group>";
		};
		132D48A12CDA30B100890661 /* Models */ = {
			isa = PBXGroup;
			children = (
				132D48A22CDA317300890661 /* NotificationManager.swift */,
				132D48A42CDAAA5D00890661 /* DataBase.swift */,
			);
			path = Models;
			sourceTree = "<group>";
		};
		137983662CB1752800982E7D = {
			isa = PBXGroup;
			children = (
				131B29C32CDBBF9500A21FC6 /* Reminder+CoreDataClass.swift */,
				131B29C42CDBBF9500A21FC6 /* Reminder+CoreDataProperties.swift */,
				132D489E2CD7D7AD00890661 /* Model.xcdatamodeld */,
				137983712CB1752800982E7D /* Calendar */,
				137983882CB1752D00982E7D /* CalendarTests */,
				137983922CB1752D00982E7D /* CalendarUITests */,
				137983702CB1752800982E7D /* Products */,
			);
			sourceTree = "<group>";
		};
		137983702CB1752800982E7D /* Products */ = {
			isa = PBXGroup;
			children = (
				1379836F2CB1752800982E7D /* Calendar.app */,
				137983852CB1752D00982E7D /* CalendarTests.xctest */,
				1379838F2CB1752D00982E7D /* CalendarUITests.xctest */,
			);
			name = Products;
			sourceTree = "<group>";
		};
		137983712CB1752800982E7D /* Calendar */ = {
			isa = PBXGroup;
			children = (
				132D48A12CDA30B100890661 /* Models */,
				132A8B172CB9A0770001DE27 /* Extentions */,
				132A8B162CB9A0420001DE27 /* ViewControllers */,
				137983722CB1752800982E7D /* AppDelegate.swift */,
				137983742CB1752800982E7D /* SceneDelegate.swift */,
				132A8B142CB44CCC0001DE27 /* Cell.swift */,
				137983782CB1752800982E7D /* Main.storyboard */,
				1379837B2CB1752D00982E7D /* Assets.xcassets */,
				1379837D2CB1752D00982E7D /* LaunchScreen.storyboard */,
				137983802CB1752D00982E7D /* Info.plist */,
			);
			path = Calendar;
			sourceTree = "<group>";
		};
		137983882CB1752D00982E7D /* CalendarTests */ = {
			isa = PBXGroup;
			children = (
				137983892CB1752D00982E7D /* CalendarTests.swift */,
			);
			path = CalendarTests;
			sourceTree = "<group>";
		};
		137983922CB1752D00982E7D /* CalendarUITests */ = {
			isa = PBXGroup;
			children = (
				137983932CB1752D00982E7D /* CalendarUITests.swift */,
				137983952CB1752D00982E7D /* CalendarUITestsLaunchTests.swift */,
			);
			path = CalendarUITests;
			sourceTree = "<group>";
		};
/* End PBXGroup section */

/* Begin PBXHeadersBuildPhase section */
		13D9012F2CC7D88300764C7C /* Headers */ = {
			isa = PBXHeadersBuildPhase;
			buildActionMask = 2147483647;
			files = (
			);
			runOnlyForDeploymentPostprocessing = 0;
		};
/* End PBXHeadersBuildPhase section */

/* Begin PBXNativeTarget section */
		1379836E2CB1752800982E7D /* Calendar */ = {
			isa = PBXNativeTarget;
			buildConfigurationList = 137983992CB1752D00982E7D /* Build configuration list for PBXNativeTarget "Calendar" */;
			buildPhases = (
				13D9012F2CC7D88300764C7C /* Headers */,
				1379836B2CB1752800982E7D /* Sources */,
				1379836C2CB1752800982E7D /* Frameworks */,
				1379836D2CB1752800982E7D /* Resources */,
				13D901302CC7D8A200764C7C /* ShellScript */,
			);
			buildRules = (
			);
			dependencies = (
			);
			name = Calendar;
			productName = Calendar;
			productReference = 1379836F2CB1752800982E7D /* Calendar.app */;
			productType = "com.apple.product-type.application";
		};
		137983842CB1752D00982E7D /* CalendarTests */ = {
			isa = PBXNativeTarget;
			buildConfigurationList = 1379839C2CB1752D00982E7D /* Build configuration list for PBXNativeTarget "CalendarTests" */;
			buildPhases = (
				137983812CB1752D00982E7D /* Sources */,
				137983822CB1752D00982E7D /* Frameworks */,
				137983832CB1752D00982E7D /* Resources */,
			);
			buildRules = (
			);
			dependencies = (
				137983872CB1752D00982E7D /* PBXTargetDependency */,
			);
			name = CalendarTests;
			productName = CalendarTests;
			productReference = 137983852CB1752D00982E7D /* CalendarTests.xctest */;
			productType = "com.apple.product-type.bundle.unit-test";
		};
		1379838E2CB1752D00982E7D /* CalendarUITests */ = {
			isa = PBXNativeTarget;
			buildConfigurationList = 1379839F2CB1752D00982E7D /* Build configuration list for PBXNativeTarget "CalendarUITests" */;
			buildPhases = (
				1379838B2CB1752D00982E7D /* Sources */,
				1379838C2CB1752D00982E7D /* Frameworks */,
				1379838D2CB1752D00982E7D /* Resources */,
			);
			buildRules = (
			);
			dependencies = (
				137983912CB1752D00982E7D /* PBXTargetDependency */,
			);
			name = CalendarUITests;
			productName = CalendarUITests;
			productReference = 1379838F2CB1752D00982E7D /* CalendarUITests.xctest */;
			productType = "com.apple.product-type.bundle.ui-testing";
		};
/* End PBXNativeTarget section */

/* Begin PBXProject section */
		137983672CB1752800982E7D /* Project object */ = {
			isa = PBXProject;
			attributes = {
				BuildIndependentTargetsInParallel = 1;
				LastSwiftUpdateCheck = 1530;
				LastUpgradeCheck = 1530;
				TargetAttributes = {
					1379836E2CB1752800982E7D = {
						CreatedOnToolsVersion = 15.3;
					};
					137983842CB1752D00982E7D = {
						CreatedOnToolsVersion = 15.3;
						TestTargetID = 1379836E2CB1752800982E7D;
					};
					1379838E2CB1752D00982E7D = {
						CreatedOnToolsVersion = 15.3;
						TestTargetID = 1379836E2CB1752800982E7D;
					};
				};
			};
			buildConfigurationList = 1379836A2CB1752800982E7D /* Build configuration list for PBXProject "Calendar" */;
			compatibilityVersion = "Xcode 14.0";
			developmentRegion = en;
			hasScannedForEncodings = 0;
			knownRegions = (
				en,
				Base,
			);
			mainGroup = 137983662CB1752800982E7D;
			packageReferences = (
			);
			productRefGroup = 137983702CB1752800982E7D /* Products */;
			projectDirPath = "";
			projectRoot = "";
			targets = (
				1379836E2CB1752800982E7D /* Calendar */,
				137983842CB1752D00982E7D /* CalendarTests */,
				1379838E2CB1752D00982E7D /* CalendarUITests */,
			);
		};
/* End PBXProject section */

/* Begin PBXResourcesBuildPhase section */
		1379836D2CB1752800982E7D /* Resources */ = {
			isa = PBXResourcesBuildPhase;
			buildActionMask = 2147483647;
			files = (
				1379837C2CB1752D00982E7D /* Assets.xcassets in Resources */,
				1379837F2CB1752D00982E7D /* Base in Resources */,
				1379837A2CB1752800982E7D /* Base in Resources */,
			);
			runOnlyForDeploymentPostprocessing = 0;
		};
		137983832CB1752D00982E7D /* Resources */ = {
			isa = PBXResourcesBuildPhase;
			buildActionMask = 2147483647;
			files = (
			);
			runOnlyForDeploymentPostprocessing = 0;
		};
		1379838D2CB1752D00982E7D /* Resources */ = {
			isa = PBXResourcesBuildPhase;
			buildActionMask = 2147483647;
			files = (
			);
			runOnlyForDeploymentPostprocessing = 0;
		};
/* End PBXResourcesBuildPhase section */

/* Begin PBXShellScriptBuildPhase section */
		13D901302CC7D8A200764C7C /* ShellScript */ = {
			isa = PBXShellScriptBuildPhase;
			buildActionMask = 2147483647;
			files = (
			);
			inputFileListPaths = (
			);
			inputPaths = (
			);
			outputFileListPaths = (
			);
			outputPaths = (
			);
			runOnlyForDeploymentPostprocessing = 0;
			shellPath = /bin/sh;
			shellScript = "if [[ \"$(uname -m)\" == arm64 ]]\nthen\n    export PATH=\"/opt/homebrew/bin:$PATH\"\nfi\n\nif command -v swiftlint >/dev/null 2>&1\nthen\n    swiftlint\nelse\n    echo \"warning: swiftlint command not found - See https://github.com/realm/SwiftLint#installation for installation instructions.\"\nfi\n";
		};
/* End PBXShellScriptBuildPhase section */

/* Begin PBXSourcesBuildPhase section */
		1379836B2CB1752800982E7D /* Sources */ = {
			isa = PBXSourcesBuildPhase;
			buildActionMask = 2147483647;
			files = (
				132D489A2CD160C400890661 /* NoteViewController.swift in Sources */,
				132D48562CCA5E5300890661 /* CalendarModel.swift in Sources */,
				132D48A32CDA317300890661 /* NotificationManager.swift in Sources */,
				132A8B1C2CBBD0B70001DE27 /* CalendarPresenter.swift in Sources */,
				137983772CB1752800982E7D /* CalendarViewController.swift in Sources */,
				132A8B152CB44CCD0001DE27 /* Cell.swift in Sources */,
				132D48A52CDAAA5D00890661 /* DataBase.swift in Sources */,
				132D48A02CD7D7AD00890661 /* Model.xcdatamodeld in Sources */,
				131B29C52CDBBF9500A21FC6 /* Reminder+CoreDataClass.swift in Sources */,
				131B29C62CDBBF9500A21FC6 /* Reminder+CoreDataProperties.swift in Sources */,
				137983732CB1752800982E7D /* AppDelegate.swift in Sources */,
				132A8B192CB9A1FE0001DE27 /* DateExtantions.swift in Sources */,
				137983752CB1752800982E7D /* SceneDelegate.swift in Sources */,
			);
			runOnlyForDeploymentPostprocessing = 0;
		};
		137983812CB1752D00982E7D /* Sources */ = {
			isa = PBXSourcesBuildPhase;
			buildActionMask = 2147483647;
			files = (
				1379838A2CB1752D00982E7D /* CalendarTests.swift in Sources */,
			);
			runOnlyForDeploymentPostprocessing = 0;
		};
		1379838B2CB1752D00982E7D /* Sources */ = {
			isa = PBXSourcesBuildPhase;
			buildActionMask = 2147483647;
			files = (
				137983962CB1752D00982E7D /* CalendarUITestsLaunchTests.swift in Sources */,
				137983942CB1752D00982E7D /* CalendarUITests.swift in Sources */,
			);
			runOnlyForDeploymentPostprocessing = 0;
		};
/* End PBXSourcesBuildPhase section */

/* Begin PBXTargetDependency section */
		137983872CB1752D00982E7D /* PBXTargetDependency */ = {
			isa = PBXTargetDependency;
			target = 1379836E2CB1752800982E7D /* Calendar */;
			targetProxy = 137983862CB1752D00982E7D /* PBXContainerItemProxy */;
		};
		137983912CB1752D00982E7D /* PBXTargetDependency */ = {
			isa = PBXTargetDependency;
			target = 1379836E2CB1752800982E7D /* Calendar */;
			targetProxy = 137983902CB1752D00982E7D /* PBXContainerItemProxy */;
		};
/* End PBXTargetDependency section */

/* Begin PBXVariantGroup section */
		137983782CB1752800982E7D /* Main.storyboard */ = {
			isa = PBXVariantGroup;
			children = (
				137983792CB1752800982E7D /* Base */,
			);
			name = Main.storyboard;
			sourceTree = "<group>";
		};
		1379837D2CB1752D00982E7D /* LaunchScreen.storyboard */ = {
			isa = PBXVariantGroup;
			children = (
				1379837E2CB1752D00982E7D /* Base */,
			);
			name = LaunchScreen.storyboard;
			sourceTree = "<group>";
		};
/* End PBXVariantGroup section */

/* Begin XCBuildConfiguration section */
		137983972CB1752D00982E7D /* Debug */ = {
			isa = XCBuildConfiguration;
			buildSettings = {
				ALWAYS_SEARCH_USER_PATHS = NO;
				ASSETCATALOG_COMPILER_GENERATE_SWIFT_ASSET_SYMBOL_EXTENSIONS = YES;
				CLANG_ANALYZER_NONNULL = YES;
				CLANG_ANALYZER_NUMBER_OBJECT_CONVERSION = YES_AGGRESSIVE;
				CLANG_CXX_LANGUAGE_STANDARD = "gnu++20";
				CLANG_ENABLE_MODULES = YES;
				CLANG_ENABLE_OBJC_ARC = YES;
				CLANG_ENABLE_OBJC_WEAK = YES;
				CLANG_WARN_BLOCK_CAPTURE_AUTORELEASING = YES;
				CLANG_WARN_BOOL_CONVERSION = YES;
				CLANG_WARN_COMMA = YES;
				CLANG_WARN_CONSTANT_CONVERSION = YES;
				CLANG_WARN_DEPRECATED_OBJC_IMPLEMENTATIONS = YES;
				CLANG_WARN_DIRECT_OBJC_ISA_USAGE = YES_ERROR;
				CLANG_WARN_DOCUMENTATION_COMMENTS = YES;
				CLANG_WARN_EMPTY_BODY = YES;
				CLANG_WARN_ENUM_CONVERSION = YES;
				CLANG_WARN_INFINITE_RECURSION = YES;
				CLANG_WARN_INT_CONVERSION = YES;
				CLANG_WARN_NON_LITERAL_NULL_CONVERSION = YES;
				CLANG_WARN_OBJC_IMPLICIT_RETAIN_SELF = YES;
				CLANG_WARN_OBJC_LITERAL_CONVERSION = YES;
				CLANG_WARN_OBJC_ROOT_CLASS = YES_ERROR;
				CLANG_WARN_QUOTED_INCLUDE_IN_FRAMEWORK_HEADER = YES;
				CLANG_WARN_RANGE_LOOP_ANALYSIS = YES;
				CLANG_WARN_STRICT_PROTOTYPES = YES;
				CLANG_WARN_SUSPICIOUS_MOVE = YES;
				CLANG_WARN_UNGUARDED_AVAILABILITY = YES_AGGRESSIVE;
				CLANG_WARN_UNREACHABLE_CODE = YES;
				CLANG_WARN__DUPLICATE_METHOD_MATCH = YES;
				COPY_PHASE_STRIP = NO;
				DEBUG_INFORMATION_FORMAT = dwarf;
				ENABLE_STRICT_OBJC_MSGSEND = YES;
				ENABLE_TESTABILITY = YES;
				ENABLE_USER_SCRIPT_SANDBOXING = YES;
				GCC_C_LANGUAGE_STANDARD = gnu17;
				GCC_DYNAMIC_NO_PIC = NO;
				GCC_NO_COMMON_BLOCKS = YES;
				GCC_OPTIMIZATION_LEVEL = 0;
				GCC_PREPROCESSOR_DEFINITIONS = (
					"DEBUG=1",
					"$(inherited)",
				);
				GCC_WARN_64_TO_32_BIT_CONVERSION = YES;
				GCC_WARN_ABOUT_RETURN_TYPE = YES_ERROR;
				GCC_WARN_UNDECLARED_SELECTOR = YES;
				GCC_WARN_UNINITIALIZED_AUTOS = YES_AGGRESSIVE;
				GCC_WARN_UNUSED_FUNCTION = YES;
				GCC_WARN_UNUSED_VARIABLE = YES;
				IPHONEOS_DEPLOYMENT_TARGET = 17.4;
				LOCALIZATION_PREFERS_STRING_CATALOGS = YES;
				MTL_ENABLE_DEBUG_INFO = INCLUDE_SOURCE;
				MTL_FAST_MATH = YES;
				ONLY_ACTIVE_ARCH = YES;
				SDKROOT = iphoneos;
				SWIFT_ACTIVE_COMPILATION_CONDITIONS = "DEBUG $(inherited)";
				SWIFT_OPTIMIZATION_LEVEL = "-Onone";
			};
			name = Debug;
		};
		137983982CB1752D00982E7D /* Release */ = {
			isa = XCBuildConfiguration;
			buildSettings = {
				ALWAYS_SEARCH_USER_PATHS = NO;
				ASSETCATALOG_COMPILER_GENERATE_SWIFT_ASSET_SYMBOL_EXTENSIONS = YES;
				CLANG_ANALYZER_NONNULL = YES;
				CLANG_ANALYZER_NUMBER_OBJECT_CONVERSION = YES_AGGRESSIVE;
				CLANG_CXX_LANGUAGE_STANDARD = "gnu++20";
				CLANG_ENABLE_MODULES = YES;
				CLANG_ENABLE_OBJC_ARC = YES;
				CLANG_ENABLE_OBJC_WEAK = YES;
				CLANG_WARN_BLOCK_CAPTURE_AUTORELEASING = YES;
				CLANG_WARN_BOOL_CONVERSION = YES;
				CLANG_WARN_COMMA = YES;
				CLANG_WARN_CONSTANT_CONVERSION = YES;
				CLANG_WARN_DEPRECATED_OBJC_IMPLEMENTATIONS = YES;
				CLANG_WARN_DIRECT_OBJC_ISA_USAGE = YES_ERROR;
				CLANG_WARN_DOCUMENTATION_COMMENTS = YES;
				CLANG_WARN_EMPTY_BODY = YES;
				CLANG_WARN_ENUM_CONVERSION = YES;
				CLANG_WARN_INFINITE_RECURSION = YES;
				CLANG_WARN_INT_CONVERSION = YES;
				CLANG_WARN_NON_LITERAL_NULL_CONVERSION = YES;
				CLANG_WARN_OBJC_IMPLICIT_RETAIN_SELF = YES;
				CLANG_WARN_OBJC_LITERAL_CONVERSION = YES;
				CLANG_WARN_OBJC_ROOT_CLASS = YES_ERROR;
				CLANG_WARN_QUOTED_INCLUDE_IN_FRAMEWORK_HEADER = YES;
				CLANG_WARN_RANGE_LOOP_ANALYSIS = YES;
				CLANG_WARN_STRICT_PROTOTYPES = YES;
				CLANG_WARN_SUSPICIOUS_MOVE = YES;
				CLANG_WARN_UNGUARDED_AVAILABILITY = YES_AGGRESSIVE;
				CLANG_WARN_UNREACHABLE_CODE = YES;
				CLANG_WARN__DUPLICATE_METHOD_MATCH = YES;
				COPY_PHASE_STRIP = NO;
				DEBUG_INFORMATION_FORMAT = "dwarf-with-dsym";
				ENABLE_NS_ASSERTIONS = NO;
				ENABLE_STRICT_OBJC_MSGSEND = YES;
				ENABLE_USER_SCRIPT_SANDBOXING = YES;
				GCC_C_LANGUAGE_STANDARD = gnu17;
				GCC_NO_COMMON_BLOCKS = YES;
				GCC_WARN_64_TO_32_BIT_CONVERSION = YES;
				GCC_WARN_ABOUT_RETURN_TYPE = YES_ERROR;
				GCC_WARN_UNDECLARED_SELECTOR = YES;
				GCC_WARN_UNINITIALIZED_AUTOS = YES_AGGRESSIVE;
				GCC_WARN_UNUSED_FUNCTION = YES;
				GCC_WARN_UNUSED_VARIABLE = YES;
				IPHONEOS_DEPLOYMENT_TARGET = 17.4;
				LOCALIZATION_PREFERS_STRING_CATALOGS = YES;
				MTL_ENABLE_DEBUG_INFO = NO;
				MTL_FAST_MATH = YES;
				SDKROOT = iphoneos;
				SWIFT_COMPILATION_MODE = wholemodule;
				VALIDATE_PRODUCT = YES;
			};
			name = Release;
		};
		1379839A2CB1752D00982E7D /* Debug */ = {
			isa = XCBuildConfiguration;
			buildSettings = {
				ASSETCATALOG_COMPILER_APPICON_NAME = AppIcon;
				ASSETCATALOG_COMPILER_GLOBAL_ACCENT_COLOR_NAME = AccentColor;
				CODE_SIGN_STYLE = Automatic;
				CURRENT_PROJECT_VERSION = 1;
				DEVELOPMENT_TEAM = 49FY3UUN9Z;
				ENABLE_USER_SCRIPT_SANDBOXING = NO;
				GENERATE_INFOPLIST_FILE = YES;
				INFOPLIST_FILE = Calendar/Info.plist;
				INFOPLIST_KEY_UIApplicationSupportsIndirectInputEvents = YES;
				INFOPLIST_KEY_UILaunchStoryboardName = LaunchScreen;
				INFOPLIST_KEY_UIMainStoryboardFile = Main;
				INFOPLIST_KEY_UISupportedInterfaceOrientations_iPad = "UIInterfaceOrientationPortrait UIInterfaceOrientationPortraitUpsideDown UIInterfaceOrientationLandscapeLeft UIInterfaceOrientationLandscapeRight";
				INFOPLIST_KEY_UISupportedInterfaceOrientations_iPhone = "UIInterfaceOrientationPortrait UIInterfaceOrientationLandscapeLeft UIInterfaceOrientationLandscapeRight";
				LD_RUNPATH_SEARCH_PATHS = (
					"$(inherited)",
					"@executable_path/Frameworks",
				);
				MARKETING_VERSION = 1.0;
				PRODUCT_BUNDLE_IDENTIFIER = Slava.Calendar;
				PRODUCT_NAME = "$(TARGET_NAME)";
				SWIFT_EMIT_LOC_STRINGS = YES;
				SWIFT_VERSION = 5.0;
				TARGETED_DEVICE_FAMILY = "1,2";
			};
			name = Debug;
		};
		1379839B2CB1752D00982E7D /* Release */ = {
			isa = XCBuildConfiguration;
			buildSettings = {
				ASSETCATALOG_COMPILER_APPICON_NAME = AppIcon;
				ASSETCATALOG_COMPILER_GLOBAL_ACCENT_COLOR_NAME = AccentColor;
				CODE_SIGN_STYLE = Automatic;
				CURRENT_PROJECT_VERSION = 1;
				DEVELOPMENT_TEAM = 49FY3UUN9Z;
				ENABLE_USER_SCRIPT_SANDBOXING = NO;
				GENERATE_INFOPLIST_FILE = YES;
				INFOPLIST_FILE = Calendar/Info.plist;
				INFOPLIST_KEY_UIApplicationSupportsIndirectInputEvents = YES;
				INFOPLIST_KEY_UILaunchStoryboardName = LaunchScreen;
				INFOPLIST_KEY_UIMainStoryboardFile = Main;
				INFOPLIST_KEY_UISupportedInterfaceOrientations_iPad = "UIInterfaceOrientationPortrait UIInterfaceOrientationPortraitUpsideDown UIInterfaceOrientationLandscapeLeft UIInterfaceOrientationLandscapeRight";
				INFOPLIST_KEY_UISupportedInterfaceOrientations_iPhone = "UIInterfaceOrientationPortrait UIInterfaceOrientationLandscapeLeft UIInterfaceOrientationLandscapeRight";
				LD_RUNPATH_SEARCH_PATHS = (
					"$(inherited)",
					"@executable_path/Frameworks",
				);
				MARKETING_VERSION = 1.0;
				PRODUCT_BUNDLE_IDENTIFIER = Slava.Calendar;
				PRODUCT_NAME = "$(TARGET_NAME)";
				SWIFT_EMIT_LOC_STRINGS = YES;
				SWIFT_VERSION = 5.0;
				TARGETED_DEVICE_FAMILY = "1,2";
			};
			name = Release;
		};
		1379839D2CB1752D00982E7D /* Debug */ = {
			isa = XCBuildConfiguration;
			buildSettings = {
				ALWAYS_EMBED_SWIFT_STANDARD_LIBRARIES = YES;
				BUNDLE_LOADER = "$(TEST_HOST)";
				CODE_SIGN_STYLE = Automatic;
				CURRENT_PROJECT_VERSION = 1;
				GENERATE_INFOPLIST_FILE = YES;
				IPHONEOS_DEPLOYMENT_TARGET = 17.4;
				MARKETING_VERSION = 1.0;
				PRODUCT_BUNDLE_IDENTIFIER = Slava.CalendarTests;
				PRODUCT_NAME = "$(TARGET_NAME)";
				SWIFT_EMIT_LOC_STRINGS = NO;
				SWIFT_VERSION = 5.0;
				TARGETED_DEVICE_FAMILY = "1,2";
				TEST_HOST = "$(BUILT_PRODUCTS_DIR)/Calendar.app/$(BUNDLE_EXECUTABLE_FOLDER_PATH)/Calendar";
			};
			name = Debug;
		};
		1379839E2CB1752D00982E7D /* Release */ = {
			isa = XCBuildConfiguration;
			buildSettings = {
				ALWAYS_EMBED_SWIFT_STANDARD_LIBRARIES = YES;
				BUNDLE_LOADER = "$(TEST_HOST)";
				CODE_SIGN_STYLE = Automatic;
				CURRENT_PROJECT_VERSION = 1;
				GENERATE_INFOPLIST_FILE = YES;
				IPHONEOS_DEPLOYMENT_TARGET = 17.4;
				MARKETING_VERSION = 1.0;
				PRODUCT_BUNDLE_IDENTIFIER = Slava.CalendarTests;
				PRODUCT_NAME = "$(TARGET_NAME)";
				SWIFT_EMIT_LOC_STRINGS = NO;
				SWIFT_VERSION = 5.0;
				TARGETED_DEVICE_FAMILY = "1,2";
				TEST_HOST = "$(BUILT_PRODUCTS_DIR)/Calendar.app/$(BUNDLE_EXECUTABLE_FOLDER_PATH)/Calendar";
			};
			name = Release;
		};
		137983A02CB1752D00982E7D /* Debug */ = {
			isa = XCBuildConfiguration;
			buildSettings = {
				ALWAYS_EMBED_SWIFT_STANDARD_LIBRARIES = YES;
				CODE_SIGN_STYLE = Automatic;
				CURRENT_PROJECT_VERSION = 1;
				GENERATE_INFOPLIST_FILE = YES;
				MARKETING_VERSION = 1.0;
				PRODUCT_BUNDLE_IDENTIFIER = Slava.CalendarUITests;
				PRODUCT_NAME = "$(TARGET_NAME)";
				SWIFT_EMIT_LOC_STRINGS = NO;
				SWIFT_VERSION = 5.0;
				TARGETED_DEVICE_FAMILY = "1,2";
				TEST_TARGET_NAME = Calendar;
			};
			name = Debug;
		};
		137983A12CB1752D00982E7D /* Release */ = {
			isa = XCBuildConfiguration;
			buildSettings = {
				ALWAYS_EMBED_SWIFT_STANDARD_LIBRARIES = YES;
				CODE_SIGN_STYLE = Automatic;
				CURRENT_PROJECT_VERSION = 1;
				GENERATE_INFOPLIST_FILE = YES;
				MARKETING_VERSION = 1.0;
				PRODUCT_BUNDLE_IDENTIFIER = Slava.CalendarUITests;
				PRODUCT_NAME = "$(TARGET_NAME)";
				SWIFT_EMIT_LOC_STRINGS = NO;
				SWIFT_VERSION = 5.0;
				TARGETED_DEVICE_FAMILY = "1,2";
				TEST_TARGET_NAME = Calendar;
			};
			name = Release;
		};
/* End XCBuildConfiguration section */

/* Begin XCConfigurationList section */
		1379836A2CB1752800982E7D /* Build configuration list for PBXProject "Calendar" */ = {
			isa = XCConfigurationList;
			buildConfigurations = (
				137983972CB1752D00982E7D /* Debug */,
				137983982CB1752D00982E7D /* Release */,
			);
			defaultConfigurationIsVisible = 0;
			defaultConfigurationName = Release;
		};
		137983992CB1752D00982E7D /* Build configuration list for PBXNativeTarget "Calendar" */ = {
			isa = XCConfigurationList;
			buildConfigurations = (
				1379839A2CB1752D00982E7D /* Debug */,
				1379839B2CB1752D00982E7D /* Release */,
			);
			defaultConfigurationIsVisible = 0;
			defaultConfigurationName = Release;
		};
		1379839C2CB1752D00982E7D /* Build configuration list for PBXNativeTarget "CalendarTests" */ = {
			isa = XCConfigurationList;
			buildConfigurations = (
				1379839D2CB1752D00982E7D /* Debug */,
				1379839E2CB1752D00982E7D /* Release */,
			);
			defaultConfigurationIsVisible = 0;
			defaultConfigurationName = Release;
		};
		1379839F2CB1752D00982E7D /* Build configuration list for PBXNativeTarget "CalendarUITests" */ = {
			isa = XCConfigurationList;
			buildConfigurations = (
				137983A02CB1752D00982E7D /* Debug */,
				137983A12CB1752D00982E7D /* Release */,
			);
			defaultConfigurationIsVisible = 0;
			defaultConfigurationName = Release;
		};
/* End XCConfigurationList section */

/* Begin XCVersionGroup section */
		132D489E2CD7D7AD00890661 /* Model.xcdatamodeld */ = {
			isa = XCVersionGroup;
			children = (
				132D489F2CD7D7AD00890661 /* Model.xcdatamodel */,
			);
			currentVersion = 132D489F2CD7D7AD00890661 /* Model.xcdatamodel */;
			name = Model.xcdatamodeld;
			path = /Users/viacheslav/Documents/CalendarApp/Model.xcdatamodeld;
			sourceTree = "<group>";
			versionGroupType = wrapper.xcdatamodel;
		};
/* End XCVersionGroup section */
	};
	rootObject = 137983672CB1752800982E7D /* Project object */;
}
